
Microsoft Visual Studio Solution File, Format Version 12.00
# Visual Studio 15
Project("{FAE04EC0-301F-11D3-BF4B-00C04F79EFBC}") = "Assembly-CSharp", "Assembly-CSharp.csproj", "{AE293F18-DF23-2141-E893-3CBA85E0FCCD}"
EndProject
Global
	GlobalSection(SolutionConfigurationPlatforms) = preSolution
		Debug|Any CPU = Debug|Any CPU
		Release|Any CPU = Release|Any CPU
	EndGlobalSection
	GlobalSection(ProjectConfigurationPlatforms) = postSolution
		{AE293F18-DF23-2141-E893-3CBA85E0FCCD}.Debug|Any CPU.ActiveCfg = Debug|Any CPU
		{AE293F18-DF23-2141-E893-3CBA85E0FCCD}.Debug|Any CPU.Build.0 = Debug|Any CPU
		{AE293F18-DF23-2141-E893-3CBA85E0FCCD}.Release|Any CPU.ActiveCfg = Release|Any CPU
		{AE293F18-DF23-2141-E893-3CBA85E0FCCD}.Release|Any CPU.Build.0 = Release|Any CPU
	EndGlobalSection
	GlobalSection(SolutionProperties) = preSolution
		HideSolutionNode = FALSE
	EndGlobalSection
EndGlobal
